<Solution>
  <Folder Name="/Solution Items/">
    <File Path=".editorconfig" />
    <File Path=".gitattributes" />
    <File Path=".gitignore" />
    <File Path="AGENTS.md" />
    <File Path="CONTRIBUTING.md" />
    <File Path="Directory.Build.props" />
    <File Path="Directory.Build.rsp" />
    <File Path="Directory.Build.targets" />
    <File Path="Directory.Packages.props" />
    <File Path="global.json" />
    <File Path="LICENSE" />
    <File Path="README.md" />
    <File Path="SECURITY.md" />
    <File Path="THIRD-PARTY-NOTICES.md" />
  </Folder>
  <Folder Name="/src/">
    <Project Path="src/Csls.App/Csls.App.csproj" />
    <Project Path="src/Csls.Cli.Worker/Csls.Cli.Worker.csproj" />
    <Project Path="src/Csls.Control/Csls.Control.csproj" />
    <Project Path="src/Csls.Control.Contracts/Csls.Control.Contracts.csproj" />
    <Project Path="src/Csls.Control.Server/Csls.Control.Server.csproj" />
    <Project Path="src/Csls.Core/Csls.Core.csproj" />
    <Project Path="src/Csls.Mcp/Csls.Mcp.csproj" />
    <Project Path="src/Csls.Mcp.Worker/Csls.Mcp.Worker.csproj" />
    <Project Path="src/Csls.SourceGen/Csls.SourceGen.csproj" />
    <Project Path="src/Csls.Protocol/Csls.Protocol.csproj" />
    <Project Path="src/Csls.Rpc/Csls.Rpc.csproj" />
    <Project Path="src/Csls.Server/Csls.Server.csproj" />
    <Project Path="src/Csls.Worker/Csls.Worker.csproj" />
    <Project Path="src/Csls.Workspaces/Csls.Workspaces.csproj" />
  </Folder>
  <Folder Name="/benchmarks/">
    <Project Path="benchmarks/Csls.Benchmarks/Csls.Benchmarks.csproj" />
  </Folder>
  <Folder Name="/tests/">
    <Project Path="tests/Csls.SourceGen.Tests/Csls.SourceGen.Tests.csproj" />
    <Project Path="tests/Csls.TestProcessHost/Csls.TestProcessHost.csproj" />
    <Project Path="tests/Csls.Tests/Csls.Tests.csproj" />
  </Folder>
</Solution>
